// !$*UTF8*$!
{
	archiveVersion = 1;
	classes = {
	};
	objectVersion = 55;
	objects = {

/* Begin PBXBuildFile section */
		5F2C35E70AB7CDEB621BA67C /* Pods_Realm_Example.framework in Frameworks */ = {isa = PBXBuildFile; fileRef = A23EFF3AC1F4B71ECF0F3C85 /* Pods_Realm_Example.framework */; };
		7982F0872820BDA8009787F6 /* Cat.swift in Sources */ = {isa = PBXBuildFile; fileRef = 7982F0862820BDA8009787F6 /* Cat.swift */; };
		7982F0892820C06A009787F6 /* RealmViewController.swift in Sources */ = {isa = PBXBuildFile; fileRef = 7982F0882820C06A009787F6 /* RealmViewController.swift */; };
		7982F08F2820C284009787F6 /* CoreDataViewController.swift in Sources */ = {isa = PBXBuildFile; fileRef = 7982F08E2820C284009787F6 /* CoreDataViewController.swift */; };
		7982F0912820C28D009787F6 /* SQLiteViewController.swift in Sources */ = {isa = PBXBuildFile; fileRef = 7982F0902820C28D009787F6 /* SQLiteViewController.swift */; };
		79C5A3BF281F944800DC75AB /* AppDelegate.swift in Sources */ = {isa = PBXBuildFile; fileRef = 79C5A3BE281F944800DC75AB /* AppDelegate.swift */; };
		79C5A3C1281F944800DC75AB /* SceneDelegate.swift in Sources */ = {isa = PBXBuildFile; fileRef = 79C5A3C0281F944800DC75AB /* SceneDelegate.swift */; };
		79C5A3C3281F944800DC75AB /* ViewController.swift in Sources */ = {isa = PBXBuildFile; fileRef = 79C5A3C2281F944800DC75AB /* ViewController.swift */; };
		79C5A3C6281F944800DC75AB /* Main.storyboard in Resources */ = {isa = PBXBuildFile; fileRef = 79C5A3C4281F944800DC75AB /* Main.storyboard */; };
		79C5A3C8281F944900DC75AB /* Assets.xcassets in Resources */ = {isa = PBXBuildFile; fileRef = 79C5A3C7281F944900DC75AB /* Assets.xcassets */; };
		79C5A3CB281F944900DC75AB /* LaunchScreen.storyboard in Resources */ = {isa = PBXBuildFile; fileRef = 79C5A3C9281F944900DC75AB /* LaunchScreen.storyboard */; };
/* End PBXBuildFile section */

/* Begin PBXFileReference section */
		7982F0862820BDA8009787F6 /* Cat.swift */ = {isa = PBXFileReference; lastKnownFileType = sourcecode.swift; path = Cat.swift; sourceTree = "<group>"; };
		7982F0882820C06A009787F6 /* RealmViewController.swift */ = {isa = PBXFileReference; lastKnownFileType = sourcecode.swift; path = RealmViewController.swift; sourceTree = "<group>"; };
		7982F08E2820C284009787F6 /* CoreDataViewController.swift */ = {isa = PBXFileReference; lastKnownFileType = sourcecode.swift; path = CoreDataViewController.swift; sourceTree = "<group>"; };
		7982F0902820C28D009787F6 /* SQLiteViewController.swift */ = {isa = PBXFileReference; lastKnownFileType = sourcecode.swift; path = SQLiteViewController.swift; sourceTree = "<group>"; };
		79C5A3BB281F944800DC75AB /* Realm_Example.app */ = {isa = PBXFileReference; explicitFileType = wrapper.application; includeInIndex = 0; path = Realm_Example.app; sourceTree = BUILT_PRODUCTS_DIR; };
		79C5A3BE281F944800DC75AB /* AppDelegate.swift */ = {isa = PBXFileReference; lastKnownFileType = sourcecode.swift; path = AppDelegate.swift; sourceTree = "<group>"; };
		79C5A3C0281F944800DC75AB /* SceneDelegate.swift */ = {isa = PBXFileReference; lastKnownFileType = sourcecode.swift; path = SceneDelegate.swift; sourceTree = "<group>"; };
		79C5A3C2281F944800DC75AB /* ViewController.swift */ = {isa = PBXFileReference; lastKnownFileType = sourcecode.swift; path = ViewController.swift; sourceTree = "<group>"; };
		79C5A3C5281F944800DC75AB /* Base */ = {isa = PBXFileReference; lastKnownFileType = file.storyboard; name = Base; path = Base.lproj/Main.storyboard; sourceTree = "<group>"; };
		79C5A3C7281F944900DC75AB /* Assets.xcassets */ = {isa = PBXFileReference; lastKnownFileType = folder.assetcatalog; path = Assets.xcassets; sourceTree = "<group>"; };
		79C5A3CA281F944900DC75AB /* Base */ = {isa = PBXFileReference; lastKnownFileType = file.storyboard; name = Base; path = Base.lproj/LaunchScreen.storyboard; sourceTree = "<group>"; };
		79C5A3CC281F944900DC75AB /* Info.plist */ = {isa = PBXFileReference; lastKnownFileType = text.plist.xml; path = Info.plist; sourceTree = "<group>"; };
		8DF77545E4F34301CA8E099F /* Pods-Realm_Example.debug.xcconfig */ = {isa = PBXFileReference; includeInIndex = 1; lastKnownFileType = text.xcconfig; name = "Pods-Realm_Example.debug.xcconfig"; path = "Target Support Files/Pods-Realm_Example/Pods-Realm_Example.debug.xcconfig"; sourceTree = "<group>"; };
		90ACD76074490C576980FEED /* Pods-Realm_Example.release.xcconfig */ = {isa = PBXFileReference; includeInIndex = 1; lastKnownFileType = text.xcconfig; name = "Pods-Realm_Example.release.xcconfig"; path = "Target Support Files/Pods-Realm_Example/Pods-Realm_Example.release.xcconfig"; sourceTree = "<group>"; };
		A23EFF3AC1F4B71ECF0F3C85 /* Pods_Realm_Example.framework */ = {isa = PBXFileReference; explicitFileType = wrapper.framework; includeInIndex = 0; path = Pods_Realm_Example.framework; sourceTree = BUILT_PRODUCTS_DIR; };
/* End PBXFileReference section */

/* Begin PBXFrameworksBuildPhase section */
		79C5A3B8281F944800DC75AB /* Frameworks */ = {
			isa = PBXFrameworksBuildPhase;
			buildActionMask = 2147483647;
			files = (
				5F2C35E70AB7CDEB621BA67C /* Pods_Realm_Example.framework in Frameworks */,
			);
			runOnlyForDeploymentPostprocessing = 0;
		};
/* End PBXFrameworksBuildPhase section */

/* Begin PBXGroup section */
		2DC72BC457623E6D4E927183 /* Pods */ = {
			isa = PBXGroup;
			children = (
				8DF77545E4F34301CA8E099F /* Pods-Realm_Example.debug.xcconfig */,
				90ACD76074490C576980FEED /* Pods-Realm_Example.release.xcconfig */,
			);
			path = Pods;
			sourceTree = "<group>";
		};
		7982F08A2820C072009787F6 /* Resources */ = {
			isa = PBXGroup;
			children = (
				79C5A3C0281F944800DC75AB /* SceneDelegate.swift */,
				79C5A3BE281F944800DC75AB /* AppDelegate.swift */,
				79C5A3CC281F944900DC75AB /* Info.plist */,
			);
			path = Resources;
			sourceTree = "<group>";
		};
		7982F08B2820C080009787F6 /* Controllers */ = {
			isa = PBXGroup;
			children = (
				79C5A3C2281F944800DC75AB /* ViewController.swift */,
				7982F0882820C06A009787F6 /* RealmViewController.swift */,
				7982F08E2820C284009787F6 /* CoreDataViewController.swift */,
				7982F0902820C28D009787F6 /* SQLiteViewController.swift */,
			);
			path = Controllers;
			sourceTree = "<group>";
		};
		7982F08C2820C0BE009787F6 /* Views */ = {
			isa = PBXGroup;
			children = (
				79C5A3C4281F944800DC75AB /* Main.storyboard */,
				79C5A3C7281F944900DC75AB /* Assets.xcassets */,
				79C5A3C9281F944900DC75AB /* LaunchScreen.storyboard */,
			);
			path = Views;
			sourceTree = "<group>";
		};
		7982F08D2820C0C6009787F6 /* Models */ = {
			isa = PBXGroup;
			children = (
				7982F0862820BDA8009787F6 /* Cat.swift */,
			);
			path = Models;
			sourceTree = "<group>";
		};
		79C5A3B2281F944800DC75AB = {
			isa = PBXGroup;
			children = (
				79C5A3BD281F944800DC75AB /* Realm_Example */,
				79C5A3BC281F944800DC75AB /* Products */,
				2DC72BC457623E6D4E927183 /* Pods */,
				F930E5A8B1AEA1C71E7E273E /* Frameworks */,
			);
			sourceTree = "<group>";
		};
		79C5A3BC281F944800DC75AB /* Products */ = {
			isa = PBXGroup;
			children = (
				79C5A3BB281F944800DC75AB /* Realm_Example.app */,
			);
			name = Products;
			sourceTree = "<group>";
		};
		79C5A3BD281F944800DC75AB /* Realm_Example */ = {
			isa = PBXGroup;
			children = (
				7982F08A2820C072009787F6 /* Resources */,
				7982F08C2820C0BE009787F6 /* Views */,
				7982F08D2820C0C6009787F6 /* Models */,
				7982F08B2820C080009787F6 /* Controllers */,
			);
			path = Realm_Example;
			sourceTree = "<group>";
		};
		F930E5A8B1AEA1C71E7E273E /* Frameworks */ = {
			isa = PBXGroup;
			children = (
				A23EFF3AC1F4B71ECF0F3C85 /* Pods_Realm_Example.framework */,
			);
			name = Frameworks;
			sourceTree = "<group>";
		};
/* End PBXGroup section */

/* Begin PBXNativeTarget section */
		79C5A3BA281F944800DC75AB /* Realm_Example */ = {
			isa = PBXNativeTarget;
			buildConfigurationList = 79C5A3CF281F944900DC75AB /* Build configuration list for PBXNativeTarget "Realm_Example" */;
			buildPhases = (
				A87080186E1741402F3B5BCC /* [CP] Check Pods Manifest.lock */,
				79C5A3B7281F944800DC75AB /* Sources */,
				79C5A3B8281F944800DC75AB /* Frameworks */,
				79C5A3B9281F944800DC75AB /* Resources */,
				ADA3BB6D75B1002D5D419839 /* [CP] Embed Pods Frameworks */,
			);
			buildRules = (
			);
			dependencies = (
			);
			name = Realm_Example;
			productName = Realm_Example;
			productReference = 79C5A3BB281F944800DC75AB /* Realm_Example.app */;
			productType = "com.apple.product-type.application";
		};
/* End PBXNativeTarget section */

/* Begin PBXProject section */
		79C5A3B3281F944800DC75AB /* Project object */ = {
			isa = PBXProject;
			attributes = {
				BuildIndependentTargetsInParallel = 1;
				LastSwiftUpdateCheck = 1330;
				LastUpgradeCheck = 1330;
				TargetAttributes = {
					79C5A3BA281F944800DC75AB = {
						CreatedOnToolsVersion = 13.3.1;
					};
				};
			};
			buildConfigurationList = 79C5A3B6281F944800DC75AB /* Build configuration list for PBXProject "Realm_Example" */;
			compatibilityVersion = "Xcode 13.0";
			developmentRegion = en;
			hasScannedForEncodings = 0;
			knownRegions = (
				en,
				Base,
			);
			mainGroup = 79C5A3B2281F944800DC75AB;
			productRefGroup = 79C5A3BC281F944800DC75AB /* Products */;
			projectDirPath = "";
			projectRoot = "";
			targets = (
				79C5A3BA281F944800DC75AB /* Realm_Example */,
			);
		};
/* End PBXProject section */

/* Begin PBXResourcesBuildPhase section */
		79C5A3B9281F944800DC75AB /* Resources */ = {
			isa = PBXResourcesBuildPhase;
			buildActionMask = 2147483647;
			files = (
				79C5A3CB281F944900DC75AB /* LaunchScreen.storyboard in Resources */,
				79C5A3C8281F944900DC75AB /* Assets.xcassets in Resources */,
				79C5A3C6281F944800DC75AB /* Main.storyboard in Resources */,
			);
			runOnlyForDeploymentPostprocessing = 0;
		};
/* End PBXResourcesBuildPhase section */

/* Begin PBXShellScriptBuildPhase section */
		A87080186E1741402F3B5BCC /* [CP] Check Pods Manifest.lock */ = {
			isa = PBXShellScriptBuildPhase;
			buildActionMask = 2147483647;
			files = (
			);
			inputFileListPaths = (
			);
			inputPaths = (
				"${PODS_PODFILE_DIR_PATH}/Podfile.lock",
				"${PODS_ROOT}/Manifest.lock",
			);
			name = "[CP] Check Pods Manifest.lock";
			outputFileListPaths = (
			);
			outputPaths = (
				"$(DERIVED_FILE_DIR)/Pods-Realm_Example-checkManifestLockResult.txt",
			);
			runOnlyForDeploymentPostprocessing = 0;
			shellPath = /bin/sh;
			shellScript = "diff \"${PODS_PODFILE_DIR_PATH}/Podfile.lock\" \"${PODS_ROOT}/Manifest.lock\" > /dev/null\nif [ $? != 0 ] ; then\n    # print error to STDERR\n    echo \"error: The sandbox is not in sync with the Podfile.lock. Run 'pod install' or update your CocoaPods installation.\" >&2\n    exit 1\nfi\n# This output is used by Xcode 'outputs' to avoid re-running this script phase.\necho \"SUCCESS\" > \"${SCRIPT_OUTPUT_FILE_0}\"\n";
			showEnvVarsInLog = 0;
		};
		ADA3BB6D75B1002D5D419839 /* [CP] Embed Pods Frameworks */ = {
			isa = PBXShellScriptBuildPhase;
			buildActionMask = 2147483647;
			files = (
			);
			inputFileListPaths = (
				"${PODS_ROOT}/Target Support Files/Pods-Realm_Example/Pods-Realm_Example-frameworks-${CONFIGURATION}-input-files.xcfilelist",
			);
			name = "[CP] Embed Pods Frameworks";
			outputFileListPaths = (
				"${PODS_ROOT}/Target Support Files/Pods-Realm_Example/Pods-Realm_Example-frameworks-${CONFIGURATION}-output-files.xcfilelist",
			);
			runOnlyForDeploymentPostprocessing = 0;
			shellPath = /bin/sh;
			shellScript = "\"${PODS_ROOT}/Target Support Files/Pods-Realm_Example/Pods-Realm_Example-frameworks.sh\"\n";
			showEnvVarsInLog = 0;
		};
/* End PBXShellScriptBuildPhase section */

/* Begin PBXSourcesBuildPhase section */
		79C5A3B7281F944800DC75AB /* Sources */ = {
			isa = PBXSourcesBuildPhase;
			buildActionMask = 2147483647;
			files = (
				7982F0872820BDA8009787F6 /* Cat.swift in Sources */,
				79C5A3C3281F944800DC75AB /* ViewController.swift in Sources */,
				7982F0892820C06A009787F6 /* RealmViewController.swift in Sources */,
				7982F08F2820C284009787F6 /* CoreDataViewController.swift in Sources */,
				79C5A3BF281F944800DC75AB /* AppDelegate.swift in Sources */,
				79C5A3C1281F944800DC75AB /* SceneDelegate.swift in Sources */,
				7982F0912820C28D009787F6 /* SQLiteViewController.swift in Sources */,
			);
			runOnlyForDeploymentPostprocessing = 0;
		};
/* End PBXSourcesBuildPhase section */

/* Begin PBXVariantGroup section */
		79C5A3C4281F944800DC75AB /* Main.storyboard */ = {
			isa = PBXVariantGroup;
			children = (
				79C5A3C5281F944800DC75AB /* Base */,
			);
			name = Main.storyboard;
			sourceTree = "<group>";
		};
		79C5A3C9281F944900DC75AB /* LaunchScreen.storyboard */ = {
			isa = PBXVariantGroup;
			children = (
				79C5A3CA281F944900DC75AB /* Base */,
			);
			name = LaunchScreen.storyboard;
			sourceTree = "<group>";
		};
/* End PBXVariantGroup section */

/* Begin XCBuildConfiguration section */
		79C5A3CD281F944900DC75AB /* Debug */ = {
			isa = XCBuildConfiguration;
			buildSettings = {
				ALWAYS_SEARCH_USER_PATHS = NO;
				CLANG_ANALYZER_NONNULL = YES;
				CLANG_ANALYZER_NUMBER_OBJECT_CONVERSION = YES_AGGRESSIVE;
				CLANG_CXX_LANGUAGE_STANDARD = "gnu++17";
				CLANG_ENABLE_MODULES = YES;
				CLANG_ENABLE_OBJC_ARC = YES;
				CLANG_ENABLE_OBJC_WEAK = YES;
				CLANG_WARN_BLOCK_CAPTURE_AUTORELEASING = YES;
				CLANG_WARN_BOOL_CONVERSION = YES;
				CLANG_WARN_COMMA = YES;
				CLANG_WARN_CONSTANT_CONVERSION = YES;
				CLANG_WARN_DEPRECATED_OBJC_IMPLEMENTATIONS = YES;
				CLANG_WARN_DIRECT_OBJC_ISA_USAGE = YES_ERROR;
				CLANG_WARN_DOCUMENTATION_COMMENTS = YES;
				CLANG_WARN_EMPTY_BODY = YES;
				CLANG_WARN_ENUM_CONVERSION = YES;
				CLANG_WARN_INFINITE_RECURSION = YES;
				CLANG_WARN_INT_CONVERSION = YES;
				CLANG_WARN_NON_LITERAL_NULL_CONVERSION = YES;
				CLANG_WARN_OBJC_IMPLICIT_RETAIN_SELF = YES;
				CLANG_WARN_OBJC_LITERAL_CONVERSION = YES;
				CLANG_WARN_OBJC_ROOT_CLASS = YES_ERROR;
				CLANG_WARN_QUOTED_INCLUDE_IN_FRAMEWORK_HEADER = YES;
				CLANG_WARN_RANGE_LOOP_ANALYSIS = YES;
				CLANG_WARN_STRICT_PROTOTYPES = YES;
				CLANG_WARN_SUSPICIOUS_MOVE = YES;
				CLANG_WARN_UNGUARDED_AVAILABILITY = YES_AGGRESSIVE;
				CLANG_WARN_UNREACHABLE_CODE = YES;
				CLANG_WARN__DUPLICATE_METHOD_MATCH = YES;
				COPY_PHASE_STRIP = NO;
				DEBUG_INFORMATION_FORMAT = dwarf;
				ENABLE_STRICT_OBJC_MSGSEND = YES;
				ENABLE_TESTABILITY = YES;
				GCC_C_LANGUAGE_STANDARD = gnu11;
				GCC_DYNAMIC_NO_PIC = NO;
				GCC_NO_COMMON_BLOCKS = YES;
				GCC_OPTIMIZATION_LEVEL = 0;
				GCC_PREPROCESSOR_DEFINITIONS = (
					"DEBUG=1",
					"$(inherited)",
				);
				GCC_WARN_64_TO_32_BIT_CONVERSION = YES;
				GCC_WARN_ABOUT_RETURN_TYPE = YES_ERROR;
				GCC_WARN_UNDECLARED_SELECTOR = YES;
				GCC_WARN_UNINITIALIZED_AUTOS = YES_AGGRESSIVE;
				GCC_WARN_UNUSED_FUNCTION = YES;
				GCC_WARN_UNUSED_VARIABLE = YES;
				IPHONEOS_DEPLOYMENT_TARGET = 15.4;
				MTL_ENABLE_DEBUG_INFO = INCLUDE_SOURCE;
				MTL_FAST_MATH = YES;
				ONLY_ACTIVE_ARCH = YES;
				SDKROOT = iphoneos;
				SWIFT_ACTIVE_COMPILATION_CONDITIONS = DEBUG;
				SWIFT_OPTIMIZATION_LEVEL = "-Onone";
			};
			name = Debug;
		};
		79C5A3CE281F944900DC75AB /* Release */ = {
			isa = XCBuildConfiguration;
			buildSettings = {
				ALWAYS_SEARCH_USER_PATHS = NO;
				CLANG_ANALYZER_NONNULL = YES;
				CLANG_ANALYZER_NUMBER_OBJECT_CONVERSION = YES_AGGRESSIVE;
				CLANG_CXX_LANGUAGE_STANDARD = "gnu++17";
				CLANG_ENABLE_MODULES = YES;
				CLANG_ENABLE_OBJC_ARC = YES;
				CLANG_ENABLE_OBJC_WEAK = YES;
				CLANG_WARN_BLOCK_CAPTURE_AUTORELEASING = YES;
				CLANG_WARN_BOOL_CONVERSION = YES;
				CLANG_WARN_COMMA = YES;
				CLANG_WARN_CONSTANT_CONVERSION = YES;
				CLANG_WARN_DEPRECATED_OBJC_IMPLEMENTATIONS = YES;
				CLANG_WARN_DIRECT_OBJC_ISA_USAGE = YES_ERROR;
				CLANG_WARN_DOCUMENTATION_COMMENTS = YES;
				CLANG_WARN_EMPTY_BODY = YES;
				CLANG_WARN_ENUM_CONVERSION = YES;
				CLANG_WARN_INFINITE_RECURSION = YES;
				CLANG_WARN_INT_CONVERSION = YES;
				CLANG_WARN_NON_LITERAL_NULL_CONVERSION = YES;
				CLANG_WARN_OBJC_IMPLICIT_RETAIN_SELF = YES;
				CLANG_WARN_OBJC_LITERAL_CONVERSION = YES;
				CLANG_WARN_OBJC_ROOT_CLASS = YES_ERROR;
				CLANG_WARN_QUOTED_INCLUDE_IN_FRAMEWORK_HEADER = YES;
				CLANG_WARN_RANGE_LOOP_ANALYSIS = YES;
				CLANG_WARN_STRICT_PROTOTYPES = YES;
				CLANG_WARN_SUSPICIOUS_MOVE = YES;
				CLANG_WARN_UNGUARDED_AVAILABILITY = YES_AGGRESSIVE;
				CLANG_WARN_UNREACHABLE_CODE = YES;
				CLANG_WARN__DUPLICATE_METHOD_MATCH = YES;
				COPY_PHASE_STRIP = NO;
				DEBUG_INFORMATION_FORMAT = "dwarf-with-dsym";
				ENABLE_NS_ASSERTIONS = NO;
				ENABLE_STRICT_OBJC_MSGSEND = YES;
				GCC_C_LANGUAGE_STANDARD = gnu11;
				GCC_NO_COMMON_BLOCKS = YES;
				GCC_WARN_64_TO_32_BIT_CONVERSION = YES;
				GCC_WARN_ABOUT_RETURN_TYPE = YES_ERROR;
				GCC_WARN_UNDECLARED_SELECTOR = YES;
				GCC_WARN_UNINITIALIZED_AUTOS = YES_AGGRESSIVE;
				GCC_WARN_UNUSED_FUNCTION = YES;
				GCC_WARN_UNUSED_VARIABLE = YES;
				IPHONEOS_DEPLOYMENT_TARGET = 15.4;
				MTL_ENABLE_DEBUG_INFO = NO;
				MTL_FAST_MATH = YES;
				SDKROOT = iphoneos;
				SWIFT_COMPILATION_MODE = wholemodule;
				SWIFT_OPTIMIZATION_LEVEL = "-O";
				VALIDATE_PRODUCT = YES;
			};
			name = Release;
		};
		79C5A3D0281F944900DC75AB /* Debug */ = {
			isa = XCBuildConfiguration;
			baseConfigurationReference = 8DF77545E4F34301CA8E099F /* Pods-Realm_Example.debug.xcconfig */;
			buildSettings = {
				ASSETCATALOG_COMPILER_APPICON_NAME = AppIcon;
				ASSETCATALOG_COMPILER_GLOBAL_ACCENT_COLOR_NAME = AccentColor;
				CODE_SIGN_STYLE = Automatic;
				CURRENT_PROJECT_VERSION = 1;
				DEVELOPMENT_TEAM = AF29P2AX2D;
				GENERATE_INFOPLIST_FILE = YES;
				INFOPLIST_FILE = Realm_Example/Info.plist;
				INFOPLIST_KEY_UIApplicationSupportsIndirectInputEvents = YES;
				INFOPLIST_KEY_UILaunchStoryboardName = LaunchScreen;
				INFOPLIST_KEY_UIMainStoryboardFile = Main;
				INFOPLIST_KEY_UISupportedInterfaceOrientations_iPad = "UIInterfaceOrientationPortrait UIInterfaceOrientationPortraitUpsideDown UIInterfaceOrientationLandscapeLeft UIInterfaceOrientationLandscapeRight";
				INFOPLIST_KEY_UISupportedInterfaceOrientations_iPhone = "UIInterfaceOrientationPortrait UIInterfaceOrientationLandscapeLeft UIInterfaceOrientationLandscapeRight";
				IPHONEOS_DEPLOYMENT_TARGET = 13.0;
				LD_RUNPATH_SEARCH_PATHS = (
					"$(inherited)",
					"@executable_path/Frameworks",
				);
				MARKETING_VERSION = 1.0;
				PRODUCT_BUNDLE_IDENTIFIER = "jaewook.Realm-Example";
				PRODUCT_NAME = "$(TARGET_NAME)";
				SWIFT_EMIT_LOC_STRINGS = YES;
				SWIFT_VERSION = 5.0;
				TARGETED_DEVICE_FAMILY = "1,2";
			};
			name = Debug;
		};
		79C5A3D1281F944900DC75AB /* Release */ = {
			isa = XCBuildConfiguration;
			baseConfigurationReference = 90ACD76074490C576980FEED /* Pods-Realm_Example.release.xcconfig */;
			buildSettings = {
				ASSETCATALOG_COMPILER_APPICON_NAME = AppIcon;
				ASSETCATALOG_COMPILER_GLOBAL_ACCENT_COLOR_NAME = AccentColor;
				CODE_SIGN_STYLE = Automatic;
				CURRENT_PROJECT_VERSION = 1;
				DEVELOPMENT_TEAM = AF29P2AX2D;
				GENERATE_INFOPLIST_FILE = YES;
				INFOPLIST_FILE = Realm_Example/Info.plist;
				INFOPLIST_KEY_UIApplicationSupportsIndirectInputEvents = YES;
				INFOPLIST_KEY_UILaunchStoryboardName = LaunchScreen;
				INFOPLIST_KEY_UIMainStoryboardFile = Main;
				INFOPLIST_KEY_UISupportedInterfaceOrientations_iPad = "UIInterfaceOrientationPortrait UIInterfaceOrientationPortraitUpsideDown UIInterfaceOrientationLandscapeLeft UIInterfaceOrientationLandscapeRight";
				INFOPLIST_KEY_UISupportedInterfaceOrientations_iPhone = "UIInterfaceOrientationPortrait UIInterfaceOrientationLandscapeLeft UIInterfaceOrientationLandscapeRight";
				IPHONEOS_DEPLOYMENT_TARGET = 13.0;
				LD_RUNPATH_SEARCH_PATHS = (
					"$(inherited)",
					"@executable_path/Frameworks",
				);
				MARKETING_VERSION = 1.0;
				PRODUCT_BUNDLE_IDENTIFIER = "jaewook.Realm-Example";
				PRODUCT_NAME = "$(TARGET_NAME)";
				SWIFT_EMIT_LOC_STRINGS = YES;
				SWIFT_VERSION = 5.0;
				TARGETED_DEVICE_FAMILY = "1,2";
			};
			name = Release;
		};
/* End XCBuildConfiguration section */

/* Begin XCConfigurationList section */
		79C5A3B6281F944800DC75AB /* Build configuration list for PBXProject "Realm_Example" */ = {
			isa = XCConfigurationList;
			buildConfigurations = (
				79C5A3CD281F944900DC75AB /* Debug */,
				79C5A3CE281F944900DC75AB /* Release */,
			);
			defaultConfigurationIsVisible = 0;
			defaultConfigurationName = Release;
		};
		79C5A3CF281F944900DC75AB /* Build configuration list for PBXNativeTarget "Realm_Example" */ = {
			isa = XCConfigurationList;
			buildConfigurations = (
				79C5A3D0281F944900DC75AB /* Debug */,
				79C5A3D1281F944900DC75AB /* Release */,
			);
			defaultConfigurationIsVisible = 0;
			defaultConfigurationName = Release;
		};
/* End XCConfigurationList section */
	};
	rootObject = 79C5A3B3281F944800DC75AB /* Project object */;
}
